apiVersion: vendir.k14s.io/v1alpha1
directories:
- contents:
  - git:
      commitTitle: 'Deployment: Add HTTP proxy support. (#7)'
      sha: 98af17f36196792a7aa30173adaab39111af10ab
    path: karpenter-provider-aws-upstream
  path: vendor
- contents:
  - directory: {}
    path: .
  path: helm/karpenter/templates
kind: LockConfig
