apiVersion: vendir.k14s.io/v1alpha1
directories:
- contents:
  - git:
      commitTitle: Add Job to block chart deletion until nodeclaims are deleted
      sha: d3395ee3d073de7f29a06bfd4be1ab3e34fc7d79
    path: karpenter-provider-aws-upstream
  path: vendor
- contents:
  - directory: {}
    path: .
  path: helm/karpenter/templates
kind: LockConfig
