dependencies:
- name: karpenter
  repository: oci://public.ecr.aws/karpenter
  version: 1.8.1
- name: karpenter-crd
  repository: oci://public.ecr.aws/karpenter
  version: 1.14.1
digest: sha256:9a5c730814b8e2b8292819893b028ef60aadc9d32af8ee66061cf2366d5b34f3
generated: "2026-08-26T20:31:00.130426076Z"
