dependencies:
- name: karpenter
  repository: oci://public.ecr.aws/karpenter
  version: 1.13.0
- name: karpenter-crd
  repository: oci://public.ecr.aws/karpenter
  version: 1.8.1
digest: sha256:89aefc443efd171a6c995cbbb5a28a2149072e538685914a882fc5c49c88a3fc
generated: "2026-06-18T15:58:25.435612414Z"
